// !$*UTF8*$!
{
	archiveVersion = 1;
	classes = {
	};
	objectVersion = 51;
	objects = {

/* Begin PBXBuildFile section */
		6C3E2C0327160909008ACD29 /* AppDelegate.swift in Sources */ = {isa = PBXBuildFile; fileRef = 6C3E2C0227160909008ACD29 /* AppDelegate.swift */; };
		6C3E2C0727160909008ACD29 /* ReceiptTableViewController.swift in Sources */ = {isa = PBXBuildFile; fileRef = 6C3E2C0627160909008ACD29 /* ReceiptTableViewController.swift */; };
		6C3E2C0C2716090A008ACD29 /* Assets.xcassets in Resources */ = {isa = PBXBuildFile; fileRef = 6C3E2C0B2716090A008ACD29 /* Assets.xcassets */; };
		6C3E2C1A2716090A008ACD29 /* Split_My_BillsTests.swift in Sources */ = {isa = PBXBuildFile; fileRef = 6C3E2C192716090A008ACD29 /* Split_My_BillsTests.swift */; };
		6C3E2C252716090A008ACD29 /* Split_My_BillsUITests.swift in Sources */ = {isa = PBXBuildFile; fileRef = 6C3E2C242716090A008ACD29 /* Split_My_BillsUITests.swift */; };
		6C3E2C4527160DCF008ACD29 /* ReceiptItemTableViewCell.swift in Sources */ = {isa = PBXBuildFile; fileRef = 6C3E2C4427160DCF008ACD29 /* ReceiptItemTableViewCell.swift */; };
		6C3E2C4E27160E6B008ACD29 /* ReceiptItemModel.swift in Sources */ = {isa = PBXBuildFile; fileRef = 6C3E2C4D27160E6B008ACD29 /* ReceiptItemModel.swift */; };
		6C3E2C9E27160FC6008ACD29 /* Identifiable.swift in Sources */ = {isa = PBXBuildFile; fileRef = 6C3E2C9D27160FC6008ACD29 /* Identifiable.swift */; };
		6C3E2CA52716184A008ACD29 /* PersonModel.swift in Sources */ = {isa = PBXBuildFile; fileRef = 6C3E2CA42716184A008ACD29 /* PersonModel.swift */; };
		6C3E2CAD27161893008ACD29 /* ReceiptModel.swift in Sources */ = {isa = PBXBuildFile; fileRef = 6C3E2CAC27161893008ACD29 /* ReceiptModel.swift */; };
		6C3E2CB2271618BC008ACD29 /* Adjustment.swift in Sources */ = {isa = PBXBuildFile; fileRef = 6C3E2CB1271618BC008ACD29 /* Adjustment.swift */; };
		6C3E2CB82716191C008ACD29 /* Amount.swift in Sources */ = {isa = PBXBuildFile; fileRef = 6C3E2CB72716191C008ACD29 /* Amount.swift */; };
		6C3E2CC627161A2A008ACD29 /* ReceiptAdjustmentModel.swift in Sources */ = {isa = PBXBuildFile; fileRef = 6C3E2CC527161A2A008ACD29 /* ReceiptAdjustmentModel.swift */; };
		6C3E2CCB27161CCE008ACD29 /* Percentage.swift in Sources */ = {isa = PBXBuildFile; fileRef = 6C3E2CCA27161CCE008ACD29 /* Percentage.swift */; };
		6C3E2CF027161E5E008ACD29 /* PercentageTests.swift in Sources */ = {isa = PBXBuildFile; fileRef = 6C3E2CEF27161E5E008ACD29 /* PercentageTests.swift */; };
		6C3E2CF827162A3D008ACD29 /* Int+Extension.swift in Sources */ = {isa = PBXBuildFile; fileRef = 6C3E2CF727162A3D008ACD29 /* Int+Extension.swift */; };
		6C3E2CFD27162AB1008ACD29 /* Double+Extension.swift in Sources */ = {isa = PBXBuildFile; fileRef = 6C3E2CFC27162AB1008ACD29 /* Double+Extension.swift */; };
		6C3E2D0627162CC7008ACD29 /* Int+Extension_Tests.swift in Sources */ = {isa = PBXBuildFile; fileRef = 6C3E2D0527162CC7008ACD29 /* Int+Extension_Tests.swift */; };
		6C3E2D0E27162D6F008ACD29 /* Double+Extension_Tests.swift in Sources */ = {isa = PBXBuildFile; fileRef = 6C3E2D0D27162D6F008ACD29 /* Double+Extension_Tests.swift */; };
		6C3E2D1327162DB4008ACD29 /* AmountTests.swift in Sources */ = {isa = PBXBuildFile; fileRef = 6C3E2D1227162DB4008ACD29 /* AmountTests.swift */; };
		6C3E2D1827162FB8008ACD29 /* AdjustmentTests.swift in Sources */ = {isa = PBXBuildFile; fileRef = 6C3E2D1727162FB8008ACD29 /* AdjustmentTests.swift */; };
		6C3E2D1D2716308A008ACD29 /* ReceiptModelTests.swift in Sources */ = {isa = PBXBuildFile; fileRef = 6C3E2D1C2716308A008ACD29 /* ReceiptModelTests.swift */; };
		6C3E2D222716466F008ACD29 /* ReceiptItemTests.swift in Sources */ = {isa = PBXBuildFile; fileRef = 6C3E2D212716466F008ACD29 /* ReceiptItemTests.swift */; };
		6C3E2D27271647CE008ACD29 /* BillStateModel.swift in Sources */ = {isa = PBXBuildFile; fileRef = 6C3E2D26271647CE008ACD29 /* BillStateModel.swift */; };
		6C3E2D2C2716481F008ACD29 /* BillSetupViewController.swift in Sources */ = {isa = PBXBuildFile; fileRef = 6C3E2D2B2716481F008ACD29 /* BillSetupViewController.swift */; };
		6C3E2D3127164903008ACD29 /* UIView+Extension.swift in Sources */ = {isa = PBXBuildFile; fileRef = 6C3E2D3027164903008ACD29 /* UIView+Extension.swift */; };
		6C3E2D3627164C90008ACD29 /* PeopleViewController.swift in Sources */ = {isa = PBXBuildFile; fileRef = 6C3E2D3527164C90008ACD29 /* PeopleViewController.swift */; };
		6C3E2D60271659CA008ACD29 /* PeopleDelegate.swift in Sources */ = {isa = PBXBuildFile; fileRef = 6C3E2D5F271659CA008ACD29 /* PeopleDelegate.swift */; };
		6CA3BB422717672E00EB0677 /* Bool+Extension.swift in Sources */ = {isa = PBXBuildFile; fileRef = 6CA3BB412717672E00EB0677 /* Bool+Extension.swift */; };
		6CE4DE822717FA8900052819 /* BillModel.swift in Sources */ = {isa = PBXBuildFile; fileRef = 6CE4DE812717FA8900052819 /* BillModel.swift */; };
		6CE4DE8D2717FC5700052819 /* RW_BillBreakdownModel.swift in Sources */ = {isa = PBXBuildFile; fileRef = 6CE4DE8C2717FC5700052819 /* RW_BillBreakdownModel.swift */; };
		6CF3FDB927166306002C612F /* ReceiptAdjustmentTableViewCell.swift in Sources */ = {isa = PBXBuildFile; fileRef = 6CF3FDB827166306002C612F /* ReceiptAdjustmentTableViewCell.swift */; };
		6CF3FDBE27166683002C612F /* AddReceiptItemViewController.swift in Sources */ = {isa = PBXBuildFile; fileRef = 6CF3FDBD27166683002C612F /* AddReceiptItemViewController.swift */; };
		6CF3FDD1271673CC002C612F /* PeopleSelectorViewController.swift in Sources */ = {isa = PBXBuildFile; fileRef = 6CF3FDD0271673CC002C612F /* PeopleSelectorViewController.swift */; };
		6CF3FDD6271674BB002C612F /* PersonCollectionViewCell.swift in Sources */ = {isa = PBXBuildFile; fileRef = 6CF3FDD5271674BB002C612F /* PersonCollectionViewCell.swift */; };
		6CF3FDDB2716884D002C612F /* BillStateModelTests.swift in Sources */ = {isa = PBXBuildFile; fileRef = 6CF3FDDA2716884D002C612F /* BillStateModelTests.swift */; };
		6CF3FDE027168A39002C612F /* BillBreakdown.swift in Sources */ = {isa = PBXBuildFile; fileRef = 6CF3FDDF27168A39002C612F /* BillBreakdown.swift */; };
		6CF3FDEB271692F0002C612F /* Array+Extension.swift in Sources */ = {isa = PBXBuildFile; fileRef = 6CF3FDEA271692F0002C612F /* Array+Extension.swift */; };
		77E554269842B7F07249EB07 /* Pods_Split_My_Bills.framework in Frameworks */ = {isa = PBXBuildFile; fileRef = B5116C0FEFDB93D33E84D130 /* Pods_Split_My_Bills.framework */; };
		845FDED897AFCD6C212E1151 /* Pods_Split_My_BillsTests.framework in Frameworks */ = {isa = PBXBuildFile; fileRef = 9398ED6964F5A669B81F5706 /* Pods_Split_My_BillsTests.framework */; };
		EA3F6F1267529094C5EF90F8 /* Pods_Split_My_BillsUITests.framework in Frameworks */ = {isa = PBXBuildFile; fileRef = 9D5C4538388CD39D254CFCAE /* Pods_Split_My_BillsUITests.framework */; };
/* End PBXBuildFile section */

/* Begin PBXContainerItemProxy section */
		6C3E2C162716090A008ACD29 /* PBXContainerItemProxy */ = {
			isa = PBXContainerItemProxy;
			containerPortal = 6C3E2BF727160909008ACD29 /* Project object */;
			proxyType = 1;
			remoteGlobalIDString = 6C3E2BFE27160909008ACD29;
			remoteInfo = "Split My Bills";
		};
		6C3E2C212716090A008ACD29 /* PBXContainerItemProxy */ = {
			isa = PBXContainerItemProxy;
			containerPortal = 6C3E2BF727160909008ACD29 /* Project object */;
			proxyType = 1;
			remoteGlobalIDString = 6C3E2BFE27160909008ACD29;
			remoteInfo = "Split My Bills";
		};
/* End PBXContainerItemProxy section */

/* Begin PBXFileReference section */
		3169988FC6BFD45A27660458 /* Pods-Split My BillsTests.debug.xcconfig */ = {isa = PBXFileReference; includeInIndex = 1; lastKnownFileType = text.xcconfig; name = "Pods-Split My BillsTests.debug.xcconfig"; path = "Target Support Files/Pods-Split My BillsTests/Pods-Split My BillsTests.debug.xcconfig"; sourceTree = "<group>"; };
		6C3E2BFF27160909008ACD29 /* Split My Bills.app */ = {isa = PBXFileReference; explicitFileType = wrapper.application; includeInIndex = 0; path = "Split My Bills.app"; sourceTree = BUILT_PRODUCTS_DIR; };
		6C3E2C0227160909008ACD29 /* AppDelegate.swift */ = {isa = PBXFileReference; lastKnownFileType = sourcecode.swift; path = AppDelegate.swift; sourceTree = "<group>"; };
		6C3E2C0627160909008ACD29 /* ReceiptTableViewController.swift */ = {isa = PBXFileReference; lastKnownFileType = sourcecode.swift; path = ReceiptTableViewController.swift; sourceTree = "<group>"; };
		6C3E2C0B2716090A008ACD29 /* Assets.xcassets */ = {isa = PBXFileReference; lastKnownFileType = folder.assetcatalog; path = Assets.xcassets; sourceTree = "<group>"; };
		6C3E2C102716090A008ACD29 /* Info.plist */ = {isa = PBXFileReference; lastKnownFileType = text.plist.xml; path = Info.plist; sourceTree = "<group>"; };
		6C3E2C152716090A008ACD29 /* Split My BillsTests.xctest */ = {isa = PBXFileReference; explicitFileType = wrapper.cfbundle; includeInIndex = 0; path = "Split My BillsTests.xctest"; sourceTree = BUILT_PRODUCTS_DIR; };
		6C3E2C192716090A008ACD29 /* Split_My_BillsTests.swift */ = {isa = PBXFileReference; lastKnownFileType = sourcecode.swift; path = Split_My_BillsTests.swift; sourceTree = "<group>"; };
		6C3E2C1B2716090A008ACD29 /* Info.plist */ = {isa = PBXFileReference; lastKnownFileType = text.plist.xml; path = Info.plist; sourceTree = "<group>"; };
		6C3E2C202716090A008ACD29 /* Split My BillsUITests.xctest */ = {isa = PBXFileReference; explicitFileType = wrapper.cfbundle; includeInIndex = 0; path = "Split My BillsUITests.xctest"; sourceTree = BUILT_PRODUCTS_DIR; };
		6C3E2C242716090A008ACD29 /* Split_My_BillsUITests.swift */ = {isa = PBXFileReference; lastKnownFileType = sourcecode.swift; path = Split_My_BillsUITests.swift; sourceTree = "<group>"; };
		6C3E2C262716090B008ACD29 /* Info.plist */ = {isa = PBXFileReference; lastKnownFileType = text.plist.xml; path = Info.plist; sourceTree = "<group>"; };
		6C3E2C4427160DCF008ACD29 /* ReceiptItemTableViewCell.swift */ = {isa = PBXFileReference; lastKnownFileType = sourcecode.swift; path = ReceiptItemTableViewCell.swift; sourceTree = "<group>"; };
		6C3E2C4D27160E6B008ACD29 /* ReceiptItemModel.swift */ = {isa = PBXFileReference; lastKnownFileType = sourcecode.swift; path = ReceiptItemModel.swift; sourceTree = "<group>"; };
		6C3E2C9D27160FC6008ACD29 /* Identifiable.swift */ = {isa = PBXFileReference; lastKnownFileType = sourcecode.swift; path = Identifiable.swift; sourceTree = "<group>"; };
		6C3E2CA42716184A008ACD29 /* PersonModel.swift */ = {isa = PBXFileReference; lastKnownFileType = sourcecode.swift; path = PersonModel.swift; sourceTree = "<group>"; };
		6C3E2CAC27161893008ACD29 /* ReceiptModel.swift */ = {isa = PBXFileReference; lastKnownFileType = sourcecode.swift; path = ReceiptModel.swift; sourceTree = "<group>"; };
		6C3E2CB1271618BC008ACD29 /* Adjustment.swift */ = {isa = PBXFileReference; lastKnownFileType = sourcecode.swift; path = Adjustment.swift; sourceTree = "<group>"; };
		6C3E2CB72716191C008ACD29 /* Amount.swift */ = {isa = PBXFileReference; lastKnownFileType = sourcecode.swift; path = Amount.swift; sourceTree = "<group>"; };
		6C3E2CC527161A2A008ACD29 /* ReceiptAdjustmentModel.swift */ = {isa = PBXFileReference; lastKnownFileType = sourcecode.swift; path = ReceiptAdjustmentModel.swift; sourceTree = "<group>"; };
		6C3E2CCA27161CCE008ACD29 /* Percentage.swift */ = {isa = PBXFileReference; lastKnownFileType = sourcecode.swift; path = Percentage.swift; sourceTree = "<group>"; };
		6C3E2CEF27161E5E008ACD29 /* PercentageTests.swift */ = {isa = PBXFileReference; lastKnownFileType = sourcecode.swift; path = PercentageTests.swift; sourceTree = "<group>"; };
		6C3E2CF727162A3D008ACD29 /* Int+Extension.swift */ = {isa = PBXFileReference; lastKnownFileType = sourcecode.swift; path = "Int+Extension.swift"; sourceTree = "<group>"; };
		6C3E2CFC27162AB1008ACD29 /* Double+Extension.swift */ = {isa = PBXFileReference; lastKnownFileType = sourcecode.swift; path = "Double+Extension.swift"; sourceTree = "<group>"; };
		6C3E2D0527162CC7008ACD29 /* Int+Extension_Tests.swift */ = {isa = PBXFileReference; lastKnownFileType = sourcecode.swift; path = "Int+Extension_Tests.swift"; sourceTree = "<group>"; };
		6C3E2D0D27162D6F008ACD29 /* Double+Extension_Tests.swift */ = {isa = PBXFileReference; lastKnownFileType = sourcecode.swift; path = "Double+Extension_Tests.swift"; sourceTree = "<group>"; };
		6C3E2D1227162DB4008ACD29 /* AmountTests.swift */ = {isa = PBXFileReference; lastKnownFileType = sourcecode.swift; path = AmountTests.swift; sourceTree = "<group>"; };
		6C3E2D1727162FB8008ACD29 /* AdjustmentTests.swift */ = {isa = PBXFileReference; lastKnownFileType = sourcecode.swift; path = AdjustmentTests.swift; sourceTree = "<group>"; };
		6C3E2D1C2716308A008ACD29 /* ReceiptModelTests.swift */ = {isa = PBXFileReference; lastKnownFileType = sourcecode.swift; path = ReceiptModelTests.swift; sourceTree = "<group>"; };
		6C3E2D212716466F008ACD29 /* ReceiptItemTests.swift */ = {isa = PBXFileReference; lastKnownFileType = sourcecode.swift; path = ReceiptItemTests.swift; sourceTree = "<group>"; };
		6C3E2D26271647CE008ACD29 /* BillStateModel.swift */ = {isa = PBXFileReference; lastKnownFileType = sourcecode.swift; path = BillStateModel.swift; sourceTree = "<group>"; };
		6C3E2D2B2716481F008ACD29 /* BillSetupViewController.swift */ = {isa = PBXFileReference; lastKnownFileType = sourcecode.swift; path = BillSetupViewController.swift; sourceTree = "<group>"; };
		6C3E2D3027164903008ACD29 /* UIView+Extension.swift */ = {isa = PBXFileReference; lastKnownFileType = sourcecode.swift; path = "UIView+Extension.swift"; sourceTree = "<group>"; };
		6C3E2D3527164C90008ACD29 /* PeopleViewController.swift */ = {isa = PBXFileReference; lastKnownFileType = sourcecode.swift; path = PeopleViewController.swift; sourceTree = "<group>"; };
		6C3E2D5F271659CA008ACD29 /* PeopleDelegate.swift */ = {isa = PBXFileReference; lastKnownFileType = sourcecode.swift; path = PeopleDelegate.swift; sourceTree = "<group>"; };
		6CA3BB412717672E00EB0677 /* Bool+Extension.swift */ = {isa = PBXFileReference; lastKnownFileType = sourcecode.swift; path = "Bool+Extension.swift"; sourceTree = "<group>"; };
		6CE4DE812717FA8900052819 /* BillModel.swift */ = {isa = PBXFileReference; lastKnownFileType = sourcecode.swift; path = BillModel.swift; sourceTree = "<group>"; };
		6CE4DE8C2717FC5700052819 /* RW_BillBreakdownModel.swift */ = {isa = PBXFileReference; lastKnownFileType = sourcecode.swift; path = RW_BillBreakdownModel.swift; sourceTree = "<group>"; };
		6CF3FDB827166306002C612F /* ReceiptAdjustmentTableViewCell.swift */ = {isa = PBXFileReference; lastKnownFileType = sourcecode.swift; path = ReceiptAdjustmentTableViewCell.swift; sourceTree = "<group>"; };
		6CF3FDBD27166683002C612F /* AddReceiptItemViewController.swift */ = {isa = PBXFileReference; lastKnownFileType = sourcecode.swift; path = AddReceiptItemViewController.swift; sourceTree = "<group>"; };
		6CF3FDD0271673CC002C612F /* PeopleSelectorViewController.swift */ = {isa = PBXFileReference; lastKnownFileType = sourcecode.swift; path = PeopleSelectorViewController.swift; sourceTree = "<group>"; };
		6CF3FDD5271674BB002C612F /* PersonCollectionViewCell.swift */ = {isa = PBXFileReference; lastKnownFileType = sourcecode.swift; path = PersonCollectionViewCell.swift; sourceTree = "<group>"; };
		6CF3FDDA2716884D002C612F /* BillStateModelTests.swift */ = {isa = PBXFileReference; lastKnownFileType = sourcecode.swift; path = BillStateModelTests.swift; sourceTree = "<group>"; };
		6CF3FDDF27168A39002C612F /* BillBreakdown.swift */ = {isa = PBXFileReference; lastKnownFileType = sourcecode.swift; path = BillBreakdown.swift; sourceTree = "<group>"; };
		6CF3FDEA271692F0002C612F /* Array+Extension.swift */ = {isa = PBXFileReference; lastKnownFileType = sourcecode.swift; path = "Array+Extension.swift"; sourceTree = "<group>"; };
		7B8466DAF39BB069DB3A5FB3 /* Pods-Split My Bills.debug.xcconfig */ = {isa = PBXFileReference; includeInIndex = 1; lastKnownFileType = text.xcconfig; name = "Pods-Split My Bills.debug.xcconfig"; path = "Target Support Files/Pods-Split My Bills/Pods-Split My Bills.debug.xcconfig"; sourceTree = "<group>"; };
		9398ED6964F5A669B81F5706 /* Pods_Split_My_BillsTests.framework */ = {isa = PBXFileReference; explicitFileType = wrapper.framework; includeInIndex = 0; path = Pods_Split_My_BillsTests.framework; sourceTree = BUILT_PRODUCTS_DIR; };
		94B14C867C2BED8E73103F99 /* Pods-Split My BillsUITests.debug.xcconfig */ = {isa = PBXFileReference; includeInIndex = 1; lastKnownFileType = text.xcconfig; name = "Pods-Split My BillsUITests.debug.xcconfig"; path = "Target Support Files/Pods-Split My BillsUITests/Pods-Split My BillsUITests.debug.xcconfig"; sourceTree = "<group>"; };
		9D5C4538388CD39D254CFCAE /* Pods_Split_My_BillsUITests.framework */ = {isa = PBXFileReference; explicitFileType = wrapper.framework; includeInIndex = 0; path = Pods_Split_My_BillsUITests.framework; sourceTree = BUILT_PRODUCTS_DIR; };
		9EDE35C06197942C2BF2100D /* Pods-Split My Bills.release.xcconfig */ = {isa = PBXFileReference; includeInIndex = 1; lastKnownFileType = text.xcconfig; name = "Pods-Split My Bills.release.xcconfig"; path = "Target Support Files/Pods-Split My Bills/Pods-Split My Bills.release.xcconfig"; sourceTree = "<group>"; };
		ABDB10F4CCCD387A06BF8732 /* Pods-Split My BillsUITests.release.xcconfig */ = {isa = PBXFileReference; includeInIndex = 1; lastKnownFileType = text.xcconfig; name = "Pods-Split My BillsUITests.release.xcconfig"; path = "Target Support Files/Pods-Split My BillsUITests/Pods-Split My BillsUITests.release.xcconfig"; sourceTree = "<group>"; };
		B5116C0FEFDB93D33E84D130 /* Pods_Split_My_Bills.framework */ = {isa = PBXFileReference; explicitFileType = wrapper.framework; includeInIndex = 0; path = Pods_Split_My_Bills.framework; sourceTree = BUILT_PRODUCTS_DIR; };
		EC4BBFDD4C1CDF434F505BDD /* Pods-Split My BillsTests.release.xcconfig */ = {isa = PBXFileReference; includeInIndex = 1; lastKnownFileType = text.xcconfig; name = "Pods-Split My BillsTests.release.xcconfig"; path = "Target Support Files/Pods-Split My BillsTests/Pods-Split My BillsTests.release.xcconfig"; sourceTree = "<group>"; };
/* End PBXFileReference section */

/* Begin PBXFrameworksBuildPhase section */
		6C3E2BFC27160909008ACD29 /* Frameworks */ = {
			isa = PBXFrameworksBuildPhase;
			buildActionMask = 2147483647;
			files = (
				77E554269842B7F07249EB07 /* Pods_Split_My_Bills.framework in Frameworks */,
			);
			runOnlyForDeploymentPostprocessing = 0;
		};
		6C3E2C122716090A008ACD29 /* Frameworks */ = {
			isa = PBXFrameworksBuildPhase;
			buildActionMask = 2147483647;
			files = (
				845FDED897AFCD6C212E1151 /* Pods_Split_My_BillsTests.framework in Frameworks */,
			);
			runOnlyForDeploymentPostprocessing = 0;
		};
		6C3E2C1D2716090A008ACD29 /* Frameworks */ = {
			isa = PBXFrameworksBuildPhase;
			buildActionMask = 2147483647;
			files = (
				EA3F6F1267529094C5EF90F8 /* Pods_Split_My_BillsUITests.framework in Frameworks */,
			);
			runOnlyForDeploymentPostprocessing = 0;
		};
/* End PBXFrameworksBuildPhase section */

/* Begin PBXGroup section */
		1AE529F07E731951C46F2D6D /* Frameworks */ = {
			isa = PBXGroup;
			children = (
				B5116C0FEFDB93D33E84D130 /* Pods_Split_My_Bills.framework */,
				9398ED6964F5A669B81F5706 /* Pods_Split_My_BillsTests.framework */,
				9D5C4538388CD39D254CFCAE /* Pods_Split_My_BillsUITests.framework */,
			);
			name = Frameworks;
			sourceTree = "<group>";
		};
		654F7A4AF215C2CC5D8D5001 /* Pods */ = {
			isa = PBXGroup;
			children = (
				7B8466DAF39BB069DB3A5FB3 /* Pods-Split My Bills.debug.xcconfig */,
				9EDE35C06197942C2BF2100D /* Pods-Split My Bills.release.xcconfig */,
				3169988FC6BFD45A27660458 /* Pods-Split My BillsTests.debug.xcconfig */,
				EC4BBFDD4C1CDF434F505BDD /* Pods-Split My BillsTests.release.xcconfig */,
				94B14C867C2BED8E73103F99 /* Pods-Split My BillsUITests.debug.xcconfig */,
				ABDB10F4CCCD387A06BF8732 /* Pods-Split My BillsUITests.release.xcconfig */,
			);
			path = Pods;
			sourceTree = "<group>";
		};
		6C3E2BF627160909008ACD29 = {
			isa = PBXGroup;
			children = (
				6C3E2C0127160909008ACD29 /* Split My Bills */,
				6C3E2C182716090A008ACD29 /* Split My BillsTests */,
				6C3E2C232716090A008ACD29 /* Split My BillsUITests */,
				6C3E2C0027160909008ACD29 /* Products */,
				654F7A4AF215C2CC5D8D5001 /* Pods */,
				1AE529F07E731951C46F2D6D /* Frameworks */,
			);
			sourceTree = "<group>";
		};
		6C3E2C0027160909008ACD29 /* Products */ = {
			isa = PBXGroup;
			children = (
				6C3E2BFF27160909008ACD29 /* Split My Bills.app */,
				6C3E2C152716090A008ACD29 /* Split My BillsTests.xctest */,
				6C3E2C202716090A008ACD29 /* Split My BillsUITests.xctest */,
			);
			name = Products;
			sourceTree = "<group>";
		};
		6C3E2C0127160909008ACD29 /* Split My Bills */ = {
			isa = PBXGroup;
			children = (
				6C3E2CCF27161DBB008ACD29 /* Extensions */,
				6C3E2C4C27160E61008ACD29 /* Models */,
				6C3E2D5B27165975008ACD29 /* Protocols */,
				6C3E2CA32716115B008ACD29 /* Views */,
				6C3E2CA227161151008ACD29 /* ViewControllers */,
				6C3E2C0227160909008ACD29 /* AppDelegate.swift */,
				6C3E2C0B2716090A008ACD29 /* Assets.xcassets */,
				6C3E2C102716090A008ACD29 /* Info.plist */,
			);
			path = "Split My Bills";
			sourceTree = "<group>";
		};
		6C3E2C182716090A008ACD29 /* Split My BillsTests */ = {
			isa = PBXGroup;
			children = (
				6C3E2D0427162CB7008ACD29 /* Extensions */,
				6C3E2CE327161E32008ACD29 /* Models */,
				6C3E2C192716090A008ACD29 /* Split_My_BillsTests.swift */,
				6C3E2C1B2716090A008ACD29 /* Info.plist */,
			);
			path = "Split My BillsTests";
			sourceTree = "<group>";
		};
		6C3E2C232716090A008ACD29 /* Split My BillsUITests */ = {
			isa = PBXGroup;
			children = (
				6C3E2C242716090A008ACD29 /* Split_My_BillsUITests.swift */,
				6C3E2C262716090B008ACD29 /* Info.plist */,
			);
			path = "Split My BillsUITests";
			sourceTree = "<group>";
		};
		6C3E2C4C27160E61008ACD29 /* Models */ = {
			isa = PBXGroup;
			children = (
				6CE4DE802717FA7B00052819 /* Rewrite */,
				6C3E2C4D27160E6B008ACD29 /* ReceiptItemModel.swift */,
				6C3E2CA42716184A008ACD29 /* PersonModel.swift */,
				6C3E2CAC27161893008ACD29 /* ReceiptModel.swift */,
				6C3E2CC527161A2A008ACD29 /* ReceiptAdjustmentModel.swift */,
				6C3E2CB1271618BC008ACD29 /* Adjustment.swift */,
				6C3E2CCA27161CCE008ACD29 /* Percentage.swift */,
				6C3E2CB72716191C008ACD29 /* Amount.swift */,
				6C3E2D26271647CE008ACD29 /* BillStateModel.swift */,
				6CF3FDDF27168A39002C612F /* BillBreakdown.swift */,
			);
			path = Models;
			sourceTree = "<group>";
		};
		6C3E2CA227161151008ACD29 /* ViewControllers */ = {
			isa = PBXGroup;
			children = (
				6C3E2C0627160909008ACD29 /* ReceiptTableViewController.swift */,
				6C3E2D2B2716481F008ACD29 /* BillSetupViewController.swift */,
				6C3E2D3527164C90008ACD29 /* PeopleViewController.swift */,
				6CF3FDBD27166683002C612F /* AddReceiptItemViewController.swift */,
				6CF3FDD0271673CC002C612F /* PeopleSelectorViewController.swift */,
			);
			path = ViewControllers;
			sourceTree = "<group>";
		};
		6C3E2CA32716115B008ACD29 /* Views */ = {
			isa = PBXGroup;
			children = (
				6C3E2C4427160DCF008ACD29 /* ReceiptItemTableViewCell.swift */,
				6CF3FDB827166306002C612F /* ReceiptAdjustmentTableViewCell.swift */,
				6CF3FDD5271674BB002C612F /* PersonCollectionViewCell.swift */,
			);
			path = Views;
			sourceTree = "<group>";
		};
		6C3E2CCF27161DBB008ACD29 /* Extensions */ = {
			isa = PBXGroup;
			children = (
				6C3E2CF727162A3D008ACD29 /* Int+Extension.swift */,
				6C3E2D3027164903008ACD29 /* UIView+Extension.swift */,
				6C3E2CFC27162AB1008ACD29 /* Double+Extension.swift */,
				6CF3FDEA271692F0002C612F /* Array+Extension.swift */,
				6CA3BB412717672E00EB0677 /* Bool+Extension.swift */,
			);
			path = Extensions;
			sourceTree = "<group>";
		};
		6C3E2CE327161E32008ACD29 /* Models */ = {
			isa = PBXGroup;
			children = (
				6C3E2CEF27161E5E008ACD29 /* PercentageTests.swift */,
				6C3E2D1227162DB4008ACD29 /* AmountTests.swift */,
				6C3E2D1727162FB8008ACD29 /* AdjustmentTests.swift */,
				6C3E2D1C2716308A008ACD29 /* ReceiptModelTests.swift */,
				6C3E2D212716466F008ACD29 /* ReceiptItemTests.swift */,
				6CF3FDDA2716884D002C612F /* BillStateModelTests.swift */,
			);
			path = Models;
			sourceTree = "<group>";
		};
		6C3E2D0427162CB7008ACD29 /* Extensions */ = {
			isa = PBXGroup;
			children = (
				6C3E2D0527162CC7008ACD29 /* Int+Extension_Tests.swift */,
				6C3E2D0D27162D6F008ACD29 /* Double+Extension_Tests.swift */,
			);
			path = Extensions;
			sourceTree = "<group>";
		};
		6C3E2D5B27165975008ACD29 /* Protocols */ = {
			isa = PBXGroup;
			children = (
				6C3E2C9D27160FC6008ACD29 /* Identifiable.swift */,
				6C3E2D5F271659CA008ACD29 /* PeopleDelegate.swift */,
			);
			path = Protocols;
			sourceTree = "<group>";
		};
		6CE4DE802717FA7B00052819 /* Rewrite */ = {
			isa = PBXGroup;
			children = (
				6CE4DE812717FA8900052819 /* BillModel.swift */,
				6CE4DE8C2717FC5700052819 /* RW_BillBreakdownModel.swift */,
			);
			path = Rewrite;
			sourceTree = "<group>";
		};
/* End PBXGroup section */

/* Begin PBXNativeTarget section */
		6C3E2BFE27160909008ACD29 /* Split My Bills */ = {
			isa = PBXNativeTarget;
			buildConfigurationList = 6C3E2C292716090B008ACD29 /* Build configuration list for PBXNativeTarget "Split My Bills" */;
			buildPhases = (
				11E7F75F4951DE9C69FDDC0F /* [CP] Check Pods Manifest.lock */,
				6C3E2BFB27160909008ACD29 /* Sources */,
				6C3E2BFC27160909008ACD29 /* Frameworks */,
				6C3E2BFD27160909008ACD29 /* Resources */,
				905E85372B4A1637A11874DE /* [CP] Embed Pods Frameworks */,
			);
			buildRules = (
			);
			dependencies = (
			);
			name = "Split My Bills";
			productName = "Split My Bills";
			productReference = 6C3E2BFF27160909008ACD29 /* Split My Bills.app */;
			productType = "com.apple.product-type.application";
		};
		6C3E2C142716090A008ACD29 /* Split My BillsTests */ = {
			isa = PBXNativeTarget;
			buildConfigurationList = 6C3E2C2C2716090B008ACD29 /* Build configuration list for PBXNativeTarget "Split My BillsTests" */;
			buildPhases = (
				18A9DD2FDB185C18BE40E66E /* [CP] Check Pods Manifest.lock */,
				6C3E2C112716090A008ACD29 /* Sources */,
				6C3E2C122716090A008ACD29 /* Frameworks */,
				6C3E2C132716090A008ACD29 /* Resources */,
			);
			buildRules = (
			);
			dependencies = (
				6C3E2C172716090A008ACD29 /* PBXTargetDependency */,
			);
			name = "Split My BillsTests";
			productName = "Split My BillsTests";
			productReference = 6C3E2C152716090A008ACD29 /* Split My BillsTests.xctest */;
			productType = "com.apple.product-type.bundle.unit-test";
		};
		6C3E2C1F2716090A008ACD29 /* Split My BillsUITests */ = {
			isa = PBXNativeTarget;
			buildConfigurationList = 6C3E2C2F2716090B008ACD29 /* Build configuration list for PBXNativeTarget "Split My BillsUITests" */;
			buildPhases = (
				B520AC3733A384C1EFD470E4 /* [CP] Check Pods Manifest.lock */,
				6C3E2C1C2716090A008ACD29 /* Sources */,
				6C3E2C1D2716090A008ACD29 /* Frameworks */,
				6C3E2C1E2716090A008ACD29 /* Resources */,
			);
			buildRules = (
			);
			dependencies = (
				6C3E2C222716090A008ACD29 /* PBXTargetDependency */,
			);
			name = "Split My BillsUITests";
			productName = "Split My BillsUITests";
			productReference = 6C3E2C202716090A008ACD29 /* Split My BillsUITests.xctest */;
			productType = "com.apple.product-type.bundle.ui-testing";
		};
/* End PBXNativeTarget section */

/* Begin PBXProject section */
		6C3E2BF727160909008ACD29 /* Project object */ = {
			isa = PBXProject;
			attributes = {
				LastSwiftUpdateCheck = 1220;
				LastUpgradeCheck = 1220;
				TargetAttributes = {
					6C3E2BFE27160909008ACD29 = {
						CreatedOnToolsVersion = 12.2;
					};
					6C3E2C142716090A008ACD29 = {
						CreatedOnToolsVersion = 12.2;
						TestTargetID = 6C3E2BFE27160909008ACD29;
					};
					6C3E2C1F2716090A008ACD29 = {
						CreatedOnToolsVersion = 12.2;
						TestTargetID = 6C3E2BFE27160909008ACD29;
					};
				};
			};
			buildConfigurationList = 6C3E2BFA27160909008ACD29 /* Build configuration list for PBXProject "Split My Bills" */;
			compatibilityVersion = "Xcode 9.3";
			developmentRegion = en;
			hasScannedForEncodings = 0;
			knownRegions = (
				en,
				Base,
			);
			mainGroup = 6C3E2BF627160909008ACD29;
			productRefGroup = 6C3E2C0027160909008ACD29 /* Products */;
			projectDirPath = "";
			projectRoot = "";
			targets = (
				6C3E2BFE27160909008ACD29 /* Split My Bills */,
				6C3E2C142716090A008ACD29 /* Split My BillsTests */,
				6C3E2C1F2716090A008ACD29 /* Split My BillsUITests */,
			);
		};
/* End PBXProject section */

/* Begin PBXResourcesBuildPhase section */
		6C3E2BFD27160909008ACD29 /* Resources */ = {
			isa = PBXResourcesBuildPhase;
			buildActionMask = 2147483647;
			files = (
				6C3E2C0C2716090A008ACD29 /* Assets.xcassets in Resources */,
			);
			runOnlyForDeploymentPostprocessing = 0;
		};
		6C3E2C132716090A008ACD29 /* Resources */ = {
			isa = PBXResourcesBuildPhase;
			buildActionMask = 2147483647;
			files = (
			);
			runOnlyForDeploymentPostprocessing = 0;
		};
		6C3E2C1E2716090A008ACD29 /* Resources */ = {
			isa = PBXResourcesBuildPhase;
			buildActionMask = 2147483647;
			files = (
			);
			runOnlyForDeploymentPostprocessing = 0;
		};
/* End PBXResourcesBuildPhase section */

/* Begin PBXShellScriptBuildPhase section */
		11E7F75F4951DE9C69FDDC0F /* [CP] Check Pods Manifest.lock */ = {
			isa = PBXShellScriptBuildPhase;
			buildActionMask = 2147483647;
			files = (
			);
			inputFileListPaths = (
			);
			inputPaths = (
				"${PODS_PODFILE_DIR_PATH}/Podfile.lock",
				"${PODS_ROOT}/Manifest.lock",
			);
			name = "[CP] Check Pods Manifest.lock";
			outputFileListPaths = (
			);
			outputPaths = (
				"$(DERIVED_FILE_DIR)/Pods-Split My Bills-checkManifestLockResult.txt",
			);
			runOnlyForDeploymentPostprocessing = 0;
			shellPath = /bin/sh;
			shellScript = "diff \"${PODS_PODFILE_DIR_PATH}/Podfile.lock\" \"${PODS_ROOT}/Manifest.lock\" > /dev/null\nif [ $? != 0 ] ; then\n    # print error to STDERR\n    echo \"error: The sandbox is not in sync with the Podfile.lock. Run 'pod install' or update your CocoaPods installation.\" >&2\n    exit 1\nfi\n# This output is used by Xcode 'outputs' to avoid re-running this script phase.\necho \"SUCCESS\" > \"${SCRIPT_OUTPUT_FILE_0}\"\n";
			showEnvVarsInLog = 0;
		};
		18A9DD2FDB185C18BE40E66E /* [CP] Check Pods Manifest.lock */ = {
			isa = PBXShellScriptBuildPhase;
			buildActionMask = 2147483647;
			files = (
			);
			inputFileListPaths = (
			);
			inputPaths = (
				"${PODS_PODFILE_DIR_PATH}/Podfile.lock",
				"${PODS_ROOT}/Manifest.lock",
			);
			name = "[CP] Check Pods Manifest.lock";
			outputFileListPaths = (
			);
			outputPaths = (
				"$(DERIVED_FILE_DIR)/Pods-Split My BillsTests-checkManifestLockResult.txt",
			);
			runOnlyForDeploymentPostprocessing = 0;
			shellPath = /bin/sh;
			shellScript = "diff \"${PODS_PODFILE_DIR_PATH}/Podfile.lock\" \"${PODS_ROOT}/Manifest.lock\" > /dev/null\nif [ $? != 0 ] ; then\n    # print error to STDERR\n    echo \"error: The sandbox is not in sync with the Podfile.lock. Run 'pod install' or update your CocoaPods installation.\" >&2\n    exit 1\nfi\n# This output is used by Xcode 'outputs' to avoid re-running this script phase.\necho \"SUCCESS\" > \"${SCRIPT_OUTPUT_FILE_0}\"\n";
			showEnvVarsInLog = 0;
		};
		905E85372B4A1637A11874DE /* [CP] Embed Pods Frameworks */ = {
			isa = PBXShellScriptBuildPhase;
			buildActionMask = 2147483647;
			files = (
			);
			inputFileListPaths = (
				"${PODS_ROOT}/Target Support Files/Pods-Split My Bills/Pods-Split My Bills-frameworks-${CONFIGURATION}-input-files.xcfilelist",
			);
			name = "[CP] Embed Pods Frameworks";
			outputFileListPaths = (
				"${PODS_ROOT}/Target Support Files/Pods-Split My Bills/Pods-Split My Bills-frameworks-${CONFIGURATION}-output-files.xcfilelist",
			);
			runOnlyForDeploymentPostprocessing = 0;
			shellPath = /bin/sh;
			shellScript = "\"${PODS_ROOT}/Target Support Files/Pods-Split My Bills/Pods-Split My Bills-frameworks.sh\"\n";
			showEnvVarsInLog = 0;
		};
		B520AC3733A384C1EFD470E4 /* [CP] Check Pods Manifest.lock */ = {
			isa = PBXShellScriptBuildPhase;
			buildActionMask = 2147483647;
			files = (
			);
			inputFileListPaths = (
			);
			inputPaths = (
				"${PODS_PODFILE_DIR_PATH}/Podfile.lock",
				"${PODS_ROOT}/Manifest.lock",
			);
			name = "[CP] Check Pods Manifest.lock";
			outputFileListPaths = (
			);
			outputPaths = (
				"$(DERIVED_FILE_DIR)/Pods-Split My BillsUITests-checkManifestLockResult.txt",
			);
			runOnlyForDeploymentPostprocessing = 0;
			shellPath = /bin/sh;
			shellScript = "diff \"${PODS_PODFILE_DIR_PATH}/Podfile.lock\" \"${PODS_ROOT}/Manifest.lock\" > /dev/null\nif [ $? != 0 ] ; then\n    # print error to STDERR\n    echo \"error: The sandbox is not in sync with the Podfile.lock. Run 'pod install' or update your CocoaPods installation.\" >&2\n    exit 1\nfi\n# This output is used by Xcode 'outputs' to avoid re-running this script phase.\necho \"SUCCESS\" > \"${SCRIPT_OUTPUT_FILE_0}\"\n";
			showEnvVarsInLog = 0;
		};
/* End PBXShellScriptBuildPhase section */

/* Begin PBXSourcesBuildPhase section */
		6C3E2BFB27160909008ACD29 /* Sources */ = {
			isa = PBXSourcesBuildPhase;
			buildActionMask = 2147483647;
			files = (
				6C3E2CA52716184A008ACD29 /* PersonModel.swift in Sources */,
				6C3E2C0727160909008ACD29 /* ReceiptTableViewController.swift in Sources */,
				6CE4DE8D2717FC5700052819 /* RW_BillBreakdownModel.swift in Sources */,
				6C3E2D3127164903008ACD29 /* UIView+Extension.swift in Sources */,
				6CF3FDD6271674BB002C612F /* PersonCollectionViewCell.swift in Sources */,
				6C3E2CC627161A2A008ACD29 /* ReceiptAdjustmentModel.swift in Sources */,
				6C3E2CB82716191C008ACD29 /* Amount.swift in Sources */,
				6CF3FDEB271692F0002C612F /* Array+Extension.swift in Sources */,
				6C3E2CCB27161CCE008ACD29 /* Percentage.swift in Sources */,
				6C3E2C4E27160E6B008ACD29 /* ReceiptItemModel.swift in Sources */,
				6C3E2D60271659CA008ACD29 /* PeopleDelegate.swift in Sources */,
				6CF3FDBE27166683002C612F /* AddReceiptItemViewController.swift in Sources */,
				6CF3FDE027168A39002C612F /* BillBreakdown.swift in Sources */,
				6CE4DE822717FA8900052819 /* BillModel.swift in Sources */,
				6C3E2CFD27162AB1008ACD29 /* Double+Extension.swift in Sources */,
				6CF3FDB927166306002C612F /* ReceiptAdjustmentTableViewCell.swift in Sources */,
				6C3E2D2C2716481F008ACD29 /* BillSetupViewController.swift in Sources */,
				6C3E2C4527160DCF008ACD29 /* ReceiptItemTableViewCell.swift in Sources */,
				6C3E2D3627164C90008ACD29 /* PeopleViewController.swift in Sources */,
				6C3E2D27271647CE008ACD29 /* BillStateModel.swift in Sources */,
				6CA3BB422717672E00EB0677 /* Bool+Extension.swift in Sources */,
				6C3E2CAD27161893008ACD29 /* ReceiptModel.swift in Sources */,
				6C3E2C9E27160FC6008ACD29 /* Identifiable.swift in Sources */,
				6CF3FDD1271673CC002C612F /* PeopleSelectorViewController.swift in Sources */,
				6C3E2CF827162A3D008ACD29 /* Int+Extension.swift in Sources */,
				6C3E2C0327160909008ACD29 /* AppDelegate.swift in Sources */,
				6C3E2CB2271618BC008ACD29 /* Adjustment.swift in Sources */,
			);
			runOnlyForDeploymentPostprocessing = 0;
		};
		6C3E2C112716090A008ACD29 /* Sources */ = {
			isa = PBXSourcesBuildPhase;
			buildActionMask = 2147483647;
			files = (
				6C3E2D1D2716308A008ACD29 /* ReceiptModelTests.swift in Sources */,
				6C3E2D1827162FB8008ACD29 /* AdjustmentTests.swift in Sources */,
				6C3E2D0E27162D6F008ACD29 /* Double+Extension_Tests.swift in Sources */,
				6C3E2C1A2716090A008ACD29 /* Split_My_BillsTests.swift in Sources */,
				6C3E2D1327162DB4008ACD29 /* AmountTests.swift in Sources */,
				6C3E2CF027161E5E008ACD29 /* PercentageTests.swift in Sources */,
				6C3E2D0627162CC7008ACD29 /* Int+Extension_Tests.swift in Sources */,
				6CF3FDDB2716884D002C612F /* BillStateModelTests.swift in Sources */,
				6C3E2D222716466F008ACD29 /* ReceiptItemTests.swift in Sources */,
			);
			runOnlyForDeploymentPostprocessing = 0;
		};
		6C3E2C1C2716090A008ACD29 /* Sources */ = {
			isa = PBXSourcesBuildPhase;
			buildActionMask = 2147483647;
			files = (
				6C3E2C252716090A008ACD29 /* Split_My_BillsUITests.swift in Sources */,
			);
			runOnlyForDeploymentPostprocessing = 0;
		};
/* End PBXSourcesBuildPhase section */

/* Begin PBXTargetDependency section */
		6C3E2C172716090A008ACD29 /* PBXTargetDependency */ = {
			isa = PBXTargetDependency;
			target = 6C3E2BFE27160909008ACD29 /* Split My Bills */;
			targetProxy = 6C3E2C162716090A008ACD29 /* PBXContainerItemProxy */;
		};
		6C3E2C222716090A008ACD29 /* PBXTargetDependency */ = {
			isa = PBXTargetDependency;
			target = 6C3E2BFE27160909008ACD29 /* Split My Bills */;
			targetProxy = 6C3E2C212716090A008ACD29 /* PBXContainerItemProxy */;
		};
/* End PBXTargetDependency section */

/* Begin XCBuildConfiguration section */
		6C3E2C272716090B008ACD29 /* Debug */ = {
			isa = XCBuildConfiguration;
			buildSettings = {
				ALWAYS_SEARCH_USER_PATHS = NO;
				CLANG_ANALYZER_NONNULL = YES;
				CLANG_ANALYZER_NUMBER_OBJECT_CONVERSION = YES_AGGRESSIVE;
				CLANG_CXX_LANGUAGE_STANDARD = "gnu++14";
				CLANG_CXX_LIBRARY = "libc++";
				CLANG_ENABLE_MODULES = YES;
				CLANG_ENABLE_OBJC_ARC = YES;
				CLANG_ENABLE_OBJC_WEAK = YES;
				CLANG_WARN_BLOCK_CAPTURE_AUTORELEASING = YES;
				CLANG_WARN_BOOL_CONVERSION = YES;
				CLANG_WARN_COMMA = YES;
				CLANG_WARN_CONSTANT_CONVERSION = YES;
				CLANG_WARN_DEPRECATED_OBJC_IMPLEMENTATIONS = YES;
				CLANG_WARN_DIRECT_OBJC_ISA_USAGE = YES_ERROR;
				CLANG_WARN_DOCUMENTATION_COMMENTS = YES;
				CLANG_WARN_EMPTY_BODY = YES;
				CLANG_WARN_ENUM_CONVERSION = YES;
				CLANG_WARN_INFINITE_RECURSION = YES;
				CLANG_WARN_INT_CONVERSION = YES;
				CLANG_WARN_NON_LITERAL_NULL_CONVERSION = YES;
				CLANG_WARN_OBJC_IMPLICIT_RETAIN_SELF = YES;
				CLANG_WARN_OBJC_LITERAL_CONVERSION = YES;
				CLANG_WARN_OBJC_ROOT_CLASS = YES_ERROR;
				CLANG_WARN_QUOTED_INCLUDE_IN_FRAMEWORK_HEADER = YES;
				CLANG_WARN_RANGE_LOOP_ANALYSIS = YES;
				CLANG_WARN_STRICT_PROTOTYPES = YES;
				CLANG_WARN_SUSPICIOUS_MOVE = YES;
				CLANG_WARN_UNGUARDED_AVAILABILITY = YES_AGGRESSIVE;
				CLANG_WARN_UNREACHABLE_CODE = YES;
				CLANG_WARN__DUPLICATE_METHOD_MATCH = YES;
				COPY_PHASE_STRIP = NO;
				DEBUG_INFORMATION_FORMAT = dwarf;
				ENABLE_STRICT_OBJC_MSGSEND = YES;
				ENABLE_TESTABILITY = YES;
				GCC_C_LANGUAGE_STANDARD = gnu11;
				GCC_DYNAMIC_NO_PIC = NO;
				GCC_NO_COMMON_BLOCKS = YES;
				GCC_OPTIMIZATION_LEVEL = 0;
				GCC_PREPROCESSOR_DEFINITIONS = (
					"DEBUG=1",
					"$(inherited)",
				);
				GCC_WARN_64_TO_32_BIT_CONVERSION = YES;
				GCC_WARN_ABOUT_RETURN_TYPE = YES_ERROR;
				GCC_WARN_UNDECLARED_SELECTOR = YES;
				GCC_WARN_UNINITIALIZED_AUTOS = YES_AGGRESSIVE;
				GCC_WARN_UNUSED_FUNCTION = YES;
				GCC_WARN_UNUSED_VARIABLE = YES;
				IPHONEOS_DEPLOYMENT_TARGET = 14.2;
				MTL_ENABLE_DEBUG_INFO = INCLUDE_SOURCE;
				MTL_FAST_MATH = YES;
				ONLY_ACTIVE_ARCH = YES;
				SDKROOT = iphoneos;
				SWIFT_ACTIVE_COMPILATION_CONDITIONS = DEBUG;
				SWIFT_OPTIMIZATION_LEVEL = "-Onone";
			};
			name = Debug;
		};
		6C3E2C282716090B008ACD29 /* Release */ = {
			isa = XCBuildConfiguration;
			buildSettings = {
				ALWAYS_SEARCH_USER_PATHS = NO;
				CLANG_ANALYZER_NONNULL = YES;
				CLANG_ANALYZER_NUMBER_OBJECT_CONVERSION = YES_AGGRESSIVE;
				CLANG_CXX_LANGUAGE_STANDARD = "gnu++14";
				CLANG_CXX_LIBRARY = "libc++";
				CLANG_ENABLE_MODULES = YES;
				CLANG_ENABLE_OBJC_ARC = YES;
				CLANG_ENABLE_OBJC_WEAK = YES;
				CLANG_WARN_BLOCK_CAPTURE_AUTORELEASING = YES;
				CLANG_WARN_BOOL_CONVERSION = YES;
				CLANG_WARN_COMMA = YES;
				CLANG_WARN_CONSTANT_CONVERSION = YES;
				CLANG_WARN_DEPRECATED_OBJC_IMPLEMENTATIONS = YES;
				CLANG_WARN_DIRECT_OBJC_ISA_USAGE = YES_ERROR;
				CLANG_WARN_DOCUMENTATION_COMMENTS = YES;
				CLANG_WARN_EMPTY_BODY = YES;
				CLANG_WARN_ENUM_CONVERSION = YES;
				CLANG_WARN_INFINITE_RECURSION = YES;
				CLANG_WARN_INT_CONVERSION = YES;
				CLANG_WARN_NON_LITERAL_NULL_CONVERSION = YES;
				CLANG_WARN_OBJC_IMPLICIT_RETAIN_SELF = YES;
				CLANG_WARN_OBJC_LITERAL_CONVERSION = YES;
				CLANG_WARN_OBJC_ROOT_CLASS = YES_ERROR;
				CLANG_WARN_QUOTED_INCLUDE_IN_FRAMEWORK_HEADER = YES;
				CLANG_WARN_RANGE_LOOP_ANALYSIS = YES;
				CLANG_WARN_STRICT_PROTOTYPES = YES;
				CLANG_WARN_SUSPICIOUS_MOVE = YES;
				CLANG_WARN_UNGUARDED_AVAILABILITY = YES_AGGRESSIVE;
				CLANG_WARN_UNREACHABLE_CODE = YES;
				CLANG_WARN__DUPLICATE_METHOD_MATCH = YES;
				COPY_PHASE_STRIP = NO;
				DEBUG_INFORMATION_FORMAT = "dwarf-with-dsym";
				ENABLE_NS_ASSERTIONS = NO;
				ENABLE_STRICT_OBJC_MSGSEND = YES;
				GCC_C_LANGUAGE_STANDARD = gnu11;
				GCC_NO_COMMON_BLOCKS = YES;
				GCC_WARN_64_TO_32_BIT_CONVERSION = YES;
				GCC_WARN_ABOUT_RETURN_TYPE = YES_ERROR;
				GCC_WARN_UNDECLARED_SELECTOR = YES;
				GCC_WARN_UNINITIALIZED_AUTOS = YES_AGGRESSIVE;
				GCC_WARN_UNUSED_FUNCTION = YES;
				GCC_WARN_UNUSED_VARIABLE = YES;
				IPHONEOS_DEPLOYMENT_TARGET = 14.2;
				MTL_ENABLE_DEBUG_INFO = NO;
				MTL_FAST_MATH = YES;
				SDKROOT = iphoneos;
				SWIFT_COMPILATION_MODE = wholemodule;
				SWIFT_OPTIMIZATION_LEVEL = "-O";
				VALIDATE_PRODUCT = YES;
			};
			name = Release;
		};
		6C3E2C2A2716090B008ACD29 /* Debug */ = {
			isa = XCBuildConfiguration;
			baseConfigurationReference = 7B8466DAF39BB069DB3A5FB3 /* Pods-Split My Bills.debug.xcconfig */;
			buildSettings = {
				ASSETCATALOG_COMPILER_APPICON_NAME = AppIcon;
				ASSETCATALOG_COMPILER_GLOBAL_ACCENT_COLOR_NAME = AccentColor;
				CODE_SIGN_STYLE = Automatic;
				DEVELOPMENT_TEAM = F74F8HK23H;
				INFOPLIST_FILE = "Split My Bills/Info.plist";
				LD_RUNPATH_SEARCH_PATHS = (
					"$(inherited)",
					"@executable_path/Frameworks",
				);
				PRODUCT_BUNDLE_IDENTIFIER = "splitmybills.Split-My-Bills";
				PRODUCT_NAME = "$(TARGET_NAME)";
				SWIFT_VERSION = 5.0;
				TARGETED_DEVICE_FAMILY = "1,2";
			};
			name = Debug;
		};
		6C3E2C2B2716090B008ACD29 /* Release */ = {
			isa = XCBuildConfiguration;
			baseConfigurationReference = 9EDE35C06197942C2BF2100D /* Pods-Split My Bills.release.xcconfig */;
			buildSettings = {
				ASSETCATALOG_COMPILER_APPICON_NAME = AppIcon;
				ASSETCATALOG_COMPILER_GLOBAL_ACCENT_COLOR_NAME = AccentColor;
				CODE_SIGN_STYLE = Automatic;
				DEVELOPMENT_TEAM = F74F8HK23H;
				INFOPLIST_FILE = "Split My Bills/Info.plist";
				LD_RUNPATH_SEARCH_PATHS = (
					"$(inherited)",
					"@executable_path/Frameworks",
				);
				PRODUCT_BUNDLE_IDENTIFIER = "splitmybills.Split-My-Bills";
				PRODUCT_NAME = "$(TARGET_NAME)";
				SWIFT_VERSION = 5.0;
				TARGETED_DEVICE_FAMILY = "1,2";
			};
			name = Release;
		};
		6C3E2C2D2716090B008ACD29 /* Debug */ = {
			isa = XCBuildConfiguration;
			baseConfigurationReference = 3169988FC6BFD45A27660458 /* Pods-Split My BillsTests.debug.xcconfig */;
			buildSettings = {
				ALWAYS_EMBED_SWIFT_STANDARD_LIBRARIES = YES;
				BUNDLE_LOADER = "$(TEST_HOST)";
				CODE_SIGN_STYLE = Automatic;
				DEVELOPMENT_TEAM = F74F8HK23H;
				INFOPLIST_FILE = "Split My BillsTests/Info.plist";
				IPHONEOS_DEPLOYMENT_TARGET = 14.2;
				LD_RUNPATH_SEARCH_PATHS = (
					"$(inherited)",
					"@executable_path/Frameworks",
					"@loader_path/Frameworks",
				);
				PRODUCT_BUNDLE_IDENTIFIER = "splitmybills.Split-My-BillsTests";
				PRODUCT_NAME = "$(TARGET_NAME)";
				SWIFT_VERSION = 5.0;
				TARGETED_DEVICE_FAMILY = "1,2";
				TEST_HOST = "$(BUILT_PRODUCTS_DIR)/Split My Bills.app/Split My Bills";
			};
			name = Debug;
		};
		6C3E2C2E2716090B008ACD29 /* Release */ = {
			isa = XCBuildConfiguration;
			baseConfigurationReference = EC4BBFDD4C1CDF434F505BDD /* Pods-Split My BillsTests.release.xcconfig */;
			buildSettings = {
				ALWAYS_EMBED_SWIFT_STANDARD_LIBRARIES = YES;
				BUNDLE_LOADER = "$(TEST_HOST)";
				CODE_SIGN_STYLE = Automatic;
				DEVELOPMENT_TEAM = F74F8HK23H;
				INFOPLIST_FILE = "Split My BillsTests/Info.plist";
				IPHONEOS_DEPLOYMENT_TARGET = 14.2;
				LD_RUNPATH_SEARCH_PATHS = (
					"$(inherited)",
					"@executable_path/Frameworks",
					"@loader_path/Frameworks",
				);
				PRODUCT_BUNDLE_IDENTIFIER = "splitmybills.Split-My-BillsTests";
				PRODUCT_NAME = "$(TARGET_NAME)";
				SWIFT_VERSION = 5.0;
				TARGETED_DEVICE_FAMILY = "1,2";
				TEST_HOST = "$(BUILT_PRODUCTS_DIR)/Split My Bills.app/Split My Bills";
			};
			name = Release;
		};
		6C3E2C302716090B008ACD29 /* Debug */ = {
			isa = XCBuildConfiguration;
			baseConfigurationReference = 94B14C867C2BED8E73103F99 /* Pods-Split My BillsUITests.debug.xcconfig */;
			buildSettings = {
				ALWAYS_EMBED_SWIFT_STANDARD_LIBRARIES = YES;
				CODE_SIGN_STYLE = Automatic;
				DEVELOPMENT_TEAM = F74F8HK23H;
				INFOPLIST_FILE = "Split My BillsUITests/Info.plist";
				LD_RUNPATH_SEARCH_PATHS = (
					"$(inherited)",
					"@executable_path/Frameworks",
					"@loader_path/Frameworks",
				);
				PRODUCT_BUNDLE_IDENTIFIER = "splitmybills.Split-My-BillsUITests";
				PRODUCT_NAME = "$(TARGET_NAME)";
				SWIFT_VERSION = 5.0;
				TARGETED_DEVICE_FAMILY = "1,2";
				TEST_TARGET_NAME = "Split My Bills";
			};
			name = Debug;
		};
		6C3E2C312716090B008ACD29 /* Release */ = {
			isa = XCBuildConfiguration;
			baseConfigurationReference = ABDB10F4CCCD387A06BF8732 /* Pods-Split My BillsUITests.release.xcconfig */;
			buildSettings = {
				ALWAYS_EMBED_SWIFT_STANDARD_LIBRARIES = YES;
				CODE_SIGN_STYLE = Automatic;
				DEVELOPMENT_TEAM = F74F8HK23H;
				INFOPLIST_FILE = "Split My BillsUITests/Info.plist";
				LD_RUNPATH_SEARCH_PATHS = (
					"$(inherited)",
					"@executable_path/Frameworks",
					"@loader_path/Frameworks",
				);
				PRODUCT_BUNDLE_IDENTIFIER = "splitmybills.Split-My-BillsUITests";
				PRODUCT_NAME = "$(TARGET_NAME)";
				SWIFT_VERSION = 5.0;
				TARGETED_DEVICE_FAMILY = "1,2";
				TEST_TARGET_NAME = "Split My Bills";
			};
			name = Release;
		};
/* End XCBuildConfiguration section */

/* Begin XCConfigurationList section */
		6C3E2BFA27160909008ACD29 /* Build configuration list for PBXProject "Split My Bills" */ = {
			isa = XCConfigurationList;
			buildConfigurations = (
				6C3E2C272716090B008ACD29 /* Debug */,
				6C3E2C282716090B008ACD29 /* Release */,
			);
			defaultConfigurationIsVisible = 0;
			defaultConfigurationName = Release;
		};
		6C3E2C292716090B008ACD29 /* Build configuration list for PBXNativeTarget "Split My Bills" */ = {
			isa = XCConfigurationList;
			buildConfigurations = (
				6C3E2C2A2716090B008ACD29 /* Debug */,
				6C3E2C2B2716090B008ACD29 /* Release */,
			);
			defaultConfigurationIsVisible = 0;
			defaultConfigurationName = Release;
		};
		6C3E2C2C2716090B008ACD29 /* Build configuration list for PBXNativeTarget "Split My BillsTests" */ = {
			isa = XCConfigurationList;
			buildConfigurations = (
				6C3E2C2D2716090B008ACD29 /* Debug */,
				6C3E2C2E2716090B008ACD29 /* Release */,
			);
			defaultConfigurationIsVisible = 0;
			defaultConfigurationName = Release;
		};
		6C3E2C2F2716090B008ACD29 /* Build configuration list for PBXNativeTarget "Split My BillsUITests" */ = {
			isa = XCConfigurationList;
			buildConfigurations = (
				6C3E2C302716090B008ACD29 /* Debug */,
				6C3E2C312716090B008ACD29 /* Release */,
			);
			defaultConfigurationIsVisible = 0;
			defaultConfigurationName = Release;
		};
/* End XCConfigurationList section */
	};
	rootObject = 6C3E2BF727160909008ACD29 /* Project object */;
}
